
Microsoft Visual Studio Solution File, Format Version 12.00
# Visual Studio Version 17
VisualStudioVersion = 17.1.32421.90
MinimumVisualStudioVersion = 10.0.40219.1
Project("{9A19103F-16F7-4668-BE54-9A1E7A4F7556}") = "BimplusDemo", "BimplusDemo\BimplusDemo.csproj", "{F84FCC17-8109-4C2C-B676-28DD86C2C935}"
EndProject
Project("{FAE04EC0-301F-11D3-BF4B-00C04F79EFBC}") = "BimPlusExcelAddIn", "BimPlusExcelAddIn\BimPlusExcelAddIn.csproj", "{34B0DD73-9DE9-46BB-8B33-D4F7CFEDBF2E}"
EndProject
Global
	GlobalSection(SolutionConfigurationPlatforms) = preSolution
		Debug|Any CPU = Debug|Any CPU
		Release|Any CPU = Release|Any CPU
	EndGlobalSection
	GlobalSection(ProjectConfigurationPlatforms) = postSolution
		{F84FCC17-8109-4C2C-B676-28DD86C2C935}.Debug|Any CPU.ActiveCfg = Debug|Any CPU
		{F84FCC17-8109-4C2C-B676-28DD86C2C935}.Debug|Any CPU.Build.0 = Debug|Any CPU
		{F84FCC17-8109-4C2C-B676-28DD86C2C935}.Release|Any CPU.ActiveCfg = Release|Any CPU
		{F84FCC17-8109-4C2C-B676-28DD86C2C935}.Release|Any CPU.Build.0 = Release|Any CPU
		{34B0DD73-9DE9-46BB-8B33-D4F7CFEDBF2E}.Debug|Any CPU.ActiveCfg = Debug|Any CPU
		{34B0DD73-9DE9-46BB-8B33-D4F7CFEDBF2E}.Debug|Any CPU.Build.0 = Debug|Any CPU
		{34B0DD73-9DE9-46BB-8B33-D4F7CFEDBF2E}.Release|Any CPU.ActiveCfg = Release|Any CPU
		{34B0DD73-9DE9-46BB-8B33-D4F7CFEDBF2E}.Release|Any CPU.Build.0 = Release|Any CPU
	EndGlobalSection
	GlobalSection(SolutionProperties) = preSolution
		HideSolutionNode = FALSE
	EndGlobalSection
	GlobalSection(ExtensibilityGlobals) = postSolution
		SolutionGuid = {51121590-81CB-48B0-BB30-A6137DF1524F}
	EndGlobalSection
EndGlobal
